
Microsoft Visual Studio Solution File, Format Version 12.00
# Visual Studio Version 16
VisualStudioVersion = 16.0.29905.134
MinimumVisualStudioVersion = 10.0.40219.1
Project("{9A19103F-16F7-4668-BE54-9A1E7A4F7556}") = "Assumptions", "Assumptions/Assumptions.csproj", "{7F06D954-5274-42C5-93F1-330A920AEE41}"
EndProject
Project("{2150E333-8FDC-42A3-9474-1A3956D46DE8}") = "Solution Items", "Solution Items", "{F07BD933-6AAF-42D5-A7BE-FDB6E00D2591}"
	ProjectSection(SolutionItems) = preProject
		.editorconfig = .editorconfig
	EndProjectSection
EndProject
Global
	GlobalSection(SolutionConfigurationPlatforms) = preSolution
		Debug|Any CPU = Debug|Any CPU
		Release|Any CPU = Release|Any CPU
	EndGlobalSection
	GlobalSection(ProjectConfigurationPlatforms) = postSolution
		{7F06D954-5274-42C5-93F1-330A920AEE41}.Debug|Any CPU.ActiveCfg = Debug|Any CPU
		{7F06D954-5274-42C5-93F1-330A920AEE41}.Debug|Any CPU.Build.0 = Debug|Any CPU
		{7F06D954-5274-42C5-93F1-330A920AEE41}.Release|Any CPU.ActiveCfg = Release|Any CPU
		{7F06D954-5274-42C5-93F1-330A920AEE41}.Release|Any CPU.Build.0 = Release|Any CPU
	EndGlobalSection
	GlobalSection(SolutionProperties) = preSolution
		HideSolutionNode = FALSE
	EndGlobalSection
	GlobalSection(ExtensibilityGlobals) = postSolution
		SolutionGuid = {7670D5C4-6A96-41AD-BBEA-AD8E1A58C8FA}
	EndGlobalSection
EndGlobal
